{
  "version": 4,
  "terraform_version": "1.8.3",
  "serial": 22,
  "lineage": "353d9b0f-fb67-caad-6626-8a22c3c94d4d",
  "outputs": {
    "vm_external_ip": {
      "value": "35.184.11.252",
      "type": "string"
    }
  },
  "resources": [
    {
      "mode": "managed",
      "type": "google_compute_firewall",
      "name": "allow_squid",
      "provider": "provider[\"registry.terraform.io/hashicorp/google\"]",
      "instances": [
        {
          "schema_version": 1,
          "attributes": {
            "allow": [
              {
                "ports": [
                  "8088"
                ],
                "protocol": "tcp"
              }
            ],
            "creation_timestamp": "2024-05-12T17:39:14.764-07:00",
            "deny": [],
            "description": "",
            "destination_ranges": [],
            "direction": "INGRESS",
            "disabled": false,
            "enable_logging": null,
            "id": "projects/tech-hacker-421412/global/firewalls/allow-squid",
            "log_config": [],
            "name": "allow-squid",
            "network": "https://www.googleapis.com/compute/v1/projects/tech-hacker-421412/global/networks/default",
            "priority": 1000,
            "project": "tech-hacker-421412",
            "self_link": "https://www.googleapis.com/compute/v1/projects/tech-hacker-421412/global/firewalls/allow-squid",
            "source_ranges": [
              "0.0.0.0/0"
            ],
            "source_service_accounts": null,
            "source_tags": null,
            "target_service_accounts": null,
            "target_tags": [
              "squid-vm"
            ],
            "timeouts": null
          },
          "sensitive_attributes": [],
          "private": "eyJlMmJmYjczMC1lY2FhLTExZTYtOGY4OC0zNDM2M2JjN2M0YzAiOnsiY3JlYXRlIjoxMjAwMDAwMDAwMDAwLCJkZWxldGUiOjEyMDAwMDAwMDAwMDAsInVwZGF0ZSI6MTIwMDAwMDAwMDAwMH0sInNjaGVtYV92ZXJzaW9uIjoiMSJ9"
        }
      ]
    },
    {
      "mode": "managed",
      "type": "google_compute_instance",
      "name": "default",
      "provider": "provider[\"registry.terraform.io/hashicorp/google\"]",
      "instances": [
        {
          "schema_version": 6,
          "attributes": {
            "advanced_machine_features": [],
            "allow_stopping_for_update": null,
            "attached_disk": [],
            "boot_disk": [
              {
                "auto_delete": true,
                "device_name": "persistent-disk-0",
                "disk_encryption_key_raw": "",
                "disk_encryption_key_sha256": "",
                "initialize_params": [
                  {
                    "enable_confidential_compute": false,
                    "image": "https://www.googleapis.com/compute/v1/projects/ubuntu-os-cloud/global/images/ubuntu-2204-jammy-v20240501",
                    "labels": {},
                    "provisioned_iops": 0,
                    "provisioned_throughput": 0,
                    "resource_manager_tags": null,
                    "size": 10,
                    "type": "pd-standard"
                  }
                ],
                "kms_key_self_link": "",
                "mode": "READ_WRITE",
                "source": "https://www.googleapis.com/compute/v1/projects/tech-hacker-421412/zones/us-central1-a/disks/proxy"
              }
            ],
            "can_ip_forward": false,
            "confidential_instance_config": [],
            "cpu_platform": "Intel Broadwell",
            "current_status": "RUNNING",
            "deletion_protection": false,
            "description": "",
            "desired_status": null,
            "effective_labels": {},
            "enable_display": false,
            "guest_accelerator": [],
            "hostname": "",
            "id": "projects/tech-hacker-421412/zones/us-central1-a/instances/proxy",
            "instance_id": "3597258713794928603",
            "label_fingerprint": "42WmSpB8rSM=",
            "labels": null,
            "machine_type": "e2-medium",
            "metadata": {
              "ssh-keys": "ubuntu:ssh-ed25519 AAAAC3NzaC1lZDI1NTE5AAAAIMG4wK9x8ApOX9IamBH8UzRnfnAd4NLv+F9fuRlMymEF lazzaronluizfelipe@gmail.com\n"
            },
            "metadata_fingerprint": "_TcWs10FJW4=",
            "metadata_startup_script": "#!/bin/bash\nsudo apt-get update\nsudo apt-get install -y squid\nsudo systemctl stop squid\ncat \u003c\u003c-EOT \u003e /etc/squid/squid.conf\n# Arquivo de Configuração Básico do Squid\n    \n# Porta em que o Squid escutará as requisições\nhttp_port 8088\n    \n# Define o diretório de cache\ncache_dir ufs /var/spool/squid 100 16 256\n    \n# Define o arquivo de log de acesso\naccess_log /var/log/squid/access.log\n    \n# Definições de ACL (Listas de Controle de Acesso)\nacl rede_local src 192.168.1.0/24   # Sub-rede interna\nacl gerencia src 192.168.1.100      # IP específico da gerência\nacl recepcao src 192.168.1.15       # IP da recepção\n    \n# Definindo tipos de arquivo proibidos\nacl bloqueio_extensoes urlpath_regex \\.src\\$ \\.exe\\$ \\.paf\\$ \\.mp3\\$ \\.mp4$\n    \n# Bloqueio de domínios específicos\nacl bloqueio_dominios dstdomain .twitter.com .youtube.com\n    \n# Bloqueio de palavras específicas nas URLs\nacl bloqueio_palavras url_regex -i terra\nacl excecao_terraviva dstdomain .terraviva.com.br\n    \n# ACLs para portas e métodos seguros\nacl SSL_ports port 443         # HTTPS\nacl Safe_ports port 80         # HTTP\nacl Safe_ports port 21         # FTP\nacl Safe_ports port 443        # HTTPS\nacl Safe_ports port 70         # Gopher (exemplo histórico)\nacl CONNECT method CONNECT     # Permite métodos CONNECT para HTTPS\n    \n# Regras de acesso\nhttp_access deny bloqueio_extensoes\nhttp_access deny bloqueio_dominios\nhttp_access deny bloqueio_palavras\nhttp_access allow excecao_terraviva\nhttp_access allow gerencia\nhttp_access allow CONNECT SSL_ports\nhttp_access allow Safe_ports\nhttp_access deny !Safe_ports  # Negar acesso a qualquer porta que não seja 'segura'\n    \n# Configurações adicionais para otimizar o desempenho e segurança\nrefresh_pattern ^ftp:           1440    20%     10080\nrefresh_pattern ^gopher:        1440    0%      1440\nrefresh_pattern -i (/cgi-bin/|\\?) 0     0%      0\nrefresh_pattern .               0       20%     4320\n    \n# Desabilita o cache para páginas de erro\nerror_directory /usr/share/squid/errors/English\n    \n# Configurações de segurança\nforwarded_for off\nrequest_header_access Referer deny all\nrequest_header_access X-Forwarded-For deny all\nrequest_header_access Via deny all\nrequest_header_access Cache-Control deny all\n    \n# Uso do DNS\ndns_nameservers 8.8.8.8 8.8.4.4\nEOT\nsudo systemctl start squid\n",
            "min_cpu_platform": "",
            "name": "proxy",
            "network_interface": [
              {
                "access_config": [
                  {
                    "nat_ip": "35.184.11.252",
                    "network_tier": "PREMIUM",
                    "public_ptr_domain_name": ""
                  }
                ],
                "alias_ip_range": [],
                "internal_ipv6_prefix_length": 0,
                "ipv6_access_config": [],
                "ipv6_access_type": "",
                "ipv6_address": "",
                "name": "nic0",
                "network": "https://www.googleapis.com/compute/v1/projects/tech-hacker-421412/global/networks/default",
                "network_ip": "10.128.0.7",
                "nic_type": "",
                "queue_count": 0,
                "stack_type": "IPV4_ONLY",
                "subnetwork": "https://www.googleapis.com/compute/v1/projects/tech-hacker-421412/regions/us-central1/subnetworks/default",
                "subnetwork_project": "tech-hacker-421412"
              }
            ],
            "network_performance_config": [],
            "params": [],
            "project": "tech-hacker-421412",
            "reservation_affinity": [],
            "resource_policies": null,
            "scheduling": [
              {
                "automatic_restart": true,
                "instance_termination_action": "",
                "local_ssd_recovery_timeout": [],
                "min_node_cpus": 0,
                "node_affinities": [],
                "on_host_maintenance": "MIGRATE",
                "preemptible": false,
                "provisioning_model": "STANDARD"
              }
            ],
            "scratch_disk": [],
            "self_link": "https://www.googleapis.com/compute/v1/projects/tech-hacker-421412/zones/us-central1-a/instances/proxy",
            "service_account": [
              {
                "email": "761745939884-compute@developer.gserviceaccount.com",
                "scopes": [
                  "https://www.googleapis.com/auth/cloud-platform"
                ]
              }
            ],
            "shielded_instance_config": [
              {
                "enable_integrity_monitoring": true,
                "enable_secure_boot": false,
                "enable_vtpm": true
              }
            ],
            "tags": [
              "squid-vm"
            ],
            "tags_fingerprint": "MrM5EF4DXsc=",
            "terraform_labels": {},
            "timeouts": null,
            "zone": "us-central1-a"
          },
          "sensitive_attributes": [
            [
              {
                "type": "get_attr",
                "value": "boot_disk"
              },
              {
                "type": "index",
                "value": {
                  "value": 0,
                  "type": "number"
                }
              },
              {
                "type": "get_attr",
                "value": "disk_encryption_key_raw"
              }
            ]
          ],
          "private": "eyJlMmJmYjczMC1lY2FhLTExZTYtOGY4OC0zNDM2M2JjN2M0YzAiOnsiY3JlYXRlIjoxMjAwMDAwMDAwMDAwLCJkZWxldGUiOjEyMDAwMDAwMDAwMDAsInVwZGF0ZSI6MTIwMDAwMDAwMDAwMH0sInNjaGVtYV92ZXJzaW9uIjoiNiJ9"
        }
      ]
    }
  ],
  "check_results": null
}
